
Microsoft Visual Studio Solution File, Format Version 12.00
# Visual Studio Version 17
VisualStudioVersion = 17.9.34616.47
MinimumVisualStudioVersion = 10.0.40219.1
Project("{FAE04EC0-301F-11D3-BF4B-00C04F79EFBC}") = "WPFApp", "WPFApp.csproj", "{6CF25FA3-D6AA-49A6-AF81-4D1CF1EFE703}"
EndProject
Global
	GlobalSection(SolutionConfigurationPlatforms) = preSolution
		Debug|Any CPU = Debug|Any CPU
		Release|Any CPU = Release|Any CPU
	EndGlobalSection
	GlobalSection(ProjectConfigurationPlatforms) = postSolution
		{6CF25FA3-D6AA-49A6-AF81-4D1CF1EFE703}.Debug|Any CPU.ActiveCfg = Debug|Any CPU
		{6CF25FA3-D6AA-49A6-AF81-4D1CF1EFE703}.Debug|Any CPU.Build.0 = Debug|Any CPU
		{6CF25FA3-D6AA-49A6-AF81-4D1CF1EFE703}.Release|Any CPU.ActiveCfg = Release|Any CPU
		{6CF25FA3-D6AA-49A6-AF81-4D1CF1EFE703}.Release|Any CPU.Build.0 = Release|Any CPU
	EndGlobalSection
	GlobalSection(SolutionProperties) = preSolution
		HideSolutionNode = FALSE
	EndGlobalSection
	GlobalSection(ExtensibilityGlobals) = postSolution
		SolutionGuid = {F022868D-055A-45D1-B8ED-26B00A512669}
	EndGlobalSection
EndGlobal
